
Microsoft Visual Studio Solution File, Format Version 12.00
# Visual Studio Version 16
VisualStudioVersion = 16.0.29411.108
MinimumVisualStudioVersion = 10.0.40219.1
Project("{9A19103F-16F7-4668-BE54-9A1E7A4F7556}") = "SimpleLogsConsumer", "SimpleLogsConsumer\SimpleLogsConsumer.csproj", "{06B3B280-4117-4E29-AEEA-76B8C65ABB84}"
EndProject
Project("{9A19103F-16F7-4668-BE54-9A1E7A4F7556}") = "SimpleLogsConsumer.Tests", "SimpleLogsConsumer.Tests\SimpleLogsConsumer.Tests.csproj", "{678115BB-B195-4573-BAB4-FD2287D966FF}"
EndProject
Global
	GlobalSection(SolutionConfigurationPlatforms) = preSolution
		Debug|Any CPU = Debug|Any CPU
		Release|Any CPU = Release|Any CPU
	EndGlobalSection
	GlobalSection(ProjectConfigurationPlatforms) = postSolution
		{06B3B280-4117-4E29-AEEA-76B8C65ABB84}.Debug|Any CPU.ActiveCfg = Debug|Any CPU
		{06B3B280-4117-4E29-AEEA-76B8C65ABB84}.Debug|Any CPU.Build.0 = Debug|Any CPU
		{06B3B280-4117-4E29-AEEA-76B8C65ABB84}.Release|Any CPU.ActiveCfg = Release|Any CPU
		{06B3B280-4117-4E29-AEEA-76B8C65ABB84}.Release|Any CPU.Build.0 = Release|Any CPU
		{678115BB-B195-4573-BAB4-FD2287D966FF}.Debug|Any CPU.ActiveCfg = Debug|Any CPU
		{678115BB-B195-4573-BAB4-FD2287D966FF}.Debug|Any CPU.Build.0 = Debug|Any CPU
		{678115BB-B195-4573-BAB4-FD2287D966FF}.Release|Any CPU.ActiveCfg = Release|Any CPU
		{678115BB-B195-4573-BAB4-FD2287D966FF}.Release|Any CPU.Build.0 = Release|Any CPU
	EndGlobalSection
	GlobalSection(SolutionProperties) = preSolution
		HideSolutionNode = FALSE
	EndGlobalSection
	GlobalSection(ExtensibilityGlobals) = postSolution
		SolutionGuid = {1FCEEF56-E98F-4E59-9D12-EBC3869DF58A}
	EndGlobalSection
EndGlobal
